// !$*UTF8*$!
{
	archiveVersion = 1;
	classes = {
	};
	objectVersion = 50;
	objects = {

/* Begin PBXBuildFile section */
		46E7E30D20E9A6600041145B /* AppDelegate.swift in Sources */ = {isa = PBXBuildFile; fileRef = 46E7E30C20E9A6600041145B /* AppDelegate.swift */; };
		46E7E30F20E9A6600041145B /* ViewController.swift in Sources */ = {isa = PBXBuildFile; fileRef = 46E7E30E20E9A6600041145B /* ViewController.swift */; };
		46E7E31220E9A6600041145B /* Main.storyboard in Resources */ = {isa = PBXBuildFile; fileRef = 46E7E31020E9A6600041145B /* Main.storyboard */; };
		46E7E31420E9A6620041145B /* Assets.xcassets in Resources */ = {isa = PBXBuildFile; fileRef = 46E7E31320E9A6620041145B /* Assets.xcassets */; };
		46E7E31720E9A6620041145B /* LaunchScreen.storyboard in Resources */ = {isa = PBXBuildFile; fileRef = 46E7E31520E9A6620041145B /* LaunchScreen.storyboard */; };
		46E7E32220E9A6620041145B /* app_iosTests.swift in Sources */ = {isa = PBXBuildFile; fileRef = 46E7E32120E9A6620041145B /* app_iosTests.swift */; };
		46E7E32D20E9A6620041145B /* app_iosUITests.swift in Sources */ = {isa = PBXBuildFile; fileRef = 46E7E32C20E9A6620041145B /* app_iosUITests.swift */; };
		46E7E37C20E9B1F20041145B /* GuessListCell.xib in Resources */ = {isa = PBXBuildFile; fileRef = 46E7E37B20E9B1F20041145B /* GuessListCell.xib */; };
		C779E50C2175239400D95BC3 /* shared.framework in Frameworks */ = {isa = PBXBuildFile; fileRef = C779E50B2175239400D95BC3 /* shared.framework */; };
		C779E50D2175239400D95BC3 /* shared.framework in Embed Frameworks */ = {isa = PBXBuildFile; fileRef = C779E50B2175239400D95BC3 /* shared.framework */; settings = {ATTRIBUTES = (CodeSignOnCopy, RemoveHeadersOnCopy, ); }; };
/* End PBXBuildFile section */

/* Begin PBXContainerItemProxy section */
		46E7E31E20E9A6620041145B /* PBXContainerItemProxy */ = {
			isa = PBXContainerItemProxy;
			containerPortal = 46E7E30120E9A6600041145B /* Project object */;
			proxyType = 1;
			remoteGlobalIDString = 46E7E30820E9A6600041145B;
			remoteInfo = "app-ios";
		};
		46E7E32920E9A6620041145B /* PBXContainerItemProxy */ = {
			isa = PBXContainerItemProxy;
			containerPortal = 46E7E30120E9A6600041145B /* Project object */;
			proxyType = 1;
			remoteGlobalIDString = 46E7E30820E9A6600041145B;
			remoteInfo = "app-ios";
		};
/* End PBXContainerItemProxy section */

/* Begin PBXCopyFilesBuildPhase section */
		46E7E35920E9A6B20041145B /* Embed Frameworks */ = {
			isa = PBXCopyFilesBuildPhase;
			buildActionMask = 2147483647;
			dstPath = "";
			dstSubfolderSpec = 10;
			files = (
				C779E50D2175239400D95BC3 /* shared.framework in Embed Frameworks */,
			);
			name = "Embed Frameworks";
			runOnlyForDeploymentPostprocessing = 0;
		};
/* End PBXCopyFilesBuildPhase section */

/* Begin PBXFileReference section */
		46E7E30920E9A6600041145B /* PickpocKT.app */ = {isa = PBXFileReference; explicitFileType = wrapper.application; includeInIndex = 0; path = PickpocKT.app; sourceTree = BUILT_PRODUCTS_DIR; };
		46E7E30C20E9A6600041145B /* AppDelegate.swift */ = {isa = PBXFileReference; lastKnownFileType = sourcecode.swift; path = AppDelegate.swift; sourceTree = "<group>"; };
		46E7E30E20E9A6600041145B /* ViewController.swift */ = {isa = PBXFileReference; lastKnownFileType = sourcecode.swift; path = ViewController.swift; sourceTree = "<group>"; };
		46E7E31120E9A6600041145B /* Base */ = {isa = PBXFileReference; lastKnownFileType = file.storyboard; name = Base; path = Base.lproj/Main.storyboard; sourceTree = "<group>"; };
		46E7E31320E9A6620041145B /* Assets.xcassets */ = {isa = PBXFileReference; lastKnownFileType = folder.assetcatalog; path = Assets.xcassets; sourceTree = "<group>"; };
		46E7E31620E9A6620041145B /* Base */ = {isa = PBXFileReference; lastKnownFileType = file.storyboard; name = Base; path = Base.lproj/LaunchScreen.storyboard; sourceTree = "<group>"; };
		46E7E31820E9A6620041145B /* Info.plist */ = {isa = PBXFileReference; lastKnownFileType = text.plist.xml; path = Info.plist; sourceTree = "<group>"; };
		46E7E31D20E9A6620041145B /* PickpocKTTests.xctest */ = {isa = PBXFileReference; explicitFileType = wrapper.cfbundle; includeInIndex = 0; path = PickpocKTTests.xctest; sourceTree = BUILT_PRODUCTS_DIR; };
		46E7E32120E9A6620041145B /* app_iosTests.swift */ = {isa = PBXFileReference; lastKnownFileType = sourcecode.swift; path = app_iosTests.swift; sourceTree = "<group>"; };
		46E7E32320E9A6620041145B /* Info.plist */ = {isa = PBXFileReference; lastKnownFileType = text.plist.xml; path = Info.plist; sourceTree = "<group>"; };
		46E7E32820E9A6620041145B /* PickpocKTUITests.xctest */ = {isa = PBXFileReference; explicitFileType = wrapper.cfbundle; includeInIndex = 0; path = PickpocKTUITests.xctest; sourceTree = BUILT_PRODUCTS_DIR; };
		46E7E32C20E9A6620041145B /* app_iosUITests.swift */ = {isa = PBXFileReference; lastKnownFileType = sourcecode.swift; path = app_iosUITests.swift; sourceTree = "<group>"; };
		46E7E32E20E9A6620041145B /* Info.plist */ = {isa = PBXFileReference; lastKnownFileType = text.plist.xml; path = Info.plist; sourceTree = "<group>"; };
		46E7E37B20E9B1F20041145B /* GuessListCell.xib */ = {isa = PBXFileReference; lastKnownFileType = file.xib; path = GuessListCell.xib; sourceTree = "<group>"; };
		C779E50B2175239400D95BC3 /* shared.framework */ = {isa = PBXFileReference; lastKnownFileType = wrapper.framework; name = shared.framework; path = "../shared/build/xcode-frameworks/shared.framework"; sourceTree = "<group>"; };
/* End PBXFileReference section */

/* Begin PBXFrameworksBuildPhase section */
		46E7E30620E9A6600041145B /* Frameworks */ = {
			isa = PBXFrameworksBuildPhase;
			buildActionMask = 2147483647;
			files = (
				C779E50C2175239400D95BC3 /* shared.framework in Frameworks */,
			);
			runOnlyForDeploymentPostprocessing = 0;
		};
		46E7E31A20E9A6620041145B /* Frameworks */ = {
			isa = PBXFrameworksBuildPhase;
			buildActionMask = 2147483647;
			files = (
			);
			runOnlyForDeploymentPostprocessing = 0;
		};
		46E7E32520E9A6620041145B /* Frameworks */ = {
			isa = PBXFrameworksBuildPhase;
			buildActionMask = 2147483647;
			files = (
			);
			runOnlyForDeploymentPostprocessing = 0;
		};
/* End PBXFrameworksBuildPhase section */

/* Begin PBXGroup section */
		46E7E30020E9A6600041145B = {
			isa = PBXGroup;
			children = (
				C779E50B2175239400D95BC3 /* shared.framework */,
				46E7E30B20E9A6600041145B /* PickpocKT */,
				46E7E32020E9A6620041145B /* PickpocKTTests */,
				46E7E32B20E9A6620041145B /* PickPocKTUITests */,
				46E7E30A20E9A6600041145B /* Products */,
			);
			sourceTree = "<group>";
		};
		46E7E30A20E9A6600041145B /* Products */ = {
			isa = PBXGroup;
			children = (
				46E7E30920E9A6600041145B /* PickpocKT.app */,
				46E7E31D20E9A6620041145B /* PickpocKTTests.xctest */,
				46E7E32820E9A6620041145B /* PickpocKTUITests.xctest */,
			);
			name = Products;
			sourceTree = "<group>";
		};
		46E7E30B20E9A6600041145B /* PickpocKT */ = {
			isa = PBXGroup;
			children = (
				46E7E30C20E9A6600041145B /* AppDelegate.swift */,
				46E7E30E20E9A6600041145B /* ViewController.swift */,
				46E7E31020E9A6600041145B /* Main.storyboard */,
				46E7E31320E9A6620041145B /* Assets.xcassets */,
				46E7E31520E9A6620041145B /* LaunchScreen.storyboard */,
				46E7E31820E9A6620041145B /* Info.plist */,
				46E7E37B20E9B1F20041145B /* GuessListCell.xib */,
			);
			path = PickpocKT;
			sourceTree = "<group>";
		};
		46E7E32020E9A6620041145B /* PickpocKTTests */ = {
			isa = PBXGroup;
			children = (
				46E7E32120E9A6620041145B /* app_iosTests.swift */,
				46E7E32320E9A6620041145B /* Info.plist */,
			);
			path = PickpocKTTests;
			sourceTree = "<group>";
		};
		46E7E32B20E9A6620041145B /* PickPocKTUITests */ = {
			isa = PBXGroup;
			children = (
				46E7E32C20E9A6620041145B /* app_iosUITests.swift */,
				46E7E32E20E9A6620041145B /* Info.plist */,
			);
			path = PickPocKTUITests;
			sourceTree = "<group>";
		};
/* End PBXGroup section */

/* Begin PBXNativeTarget section */
		46E7E30820E9A6600041145B /* PickpocKT */ = {
			isa = PBXNativeTarget;
			buildConfigurationList = 46E7E33120E9A6620041145B /* Build configuration list for PBXNativeTarget "PickpocKT" */;
			buildPhases = (
				C779E50E2175242B00D95BC3 /* Build Kotlin Shared Module */,
				46E7E30520E9A6600041145B /* Sources */,
				46E7E30620E9A6600041145B /* Frameworks */,
				46E7E30720E9A6600041145B /* Resources */,
				46E7E35920E9A6B20041145B /* Embed Frameworks */,
			);
			buildRules = (
			);
			dependencies = (
			);
			name = PickpocKT;
			productName = "app-ios";
			productReference = 46E7E30920E9A6600041145B /* PickpocKT.app */;
			productType = "com.apple.product-type.application";
		};
		46E7E31C20E9A6620041145B /* PickpocKTTests */ = {
			isa = PBXNativeTarget;
			buildConfigurationList = 46E7E33420E9A6620041145B /* Build configuration list for PBXNativeTarget "PickpocKTTests" */;
			buildPhases = (
				46E7E31920E9A6620041145B /* Sources */,
				46E7E31A20E9A6620041145B /* Frameworks */,
				46E7E31B20E9A6620041145B /* Resources */,
			);
			buildRules = (
			);
			dependencies = (
				46E7E31F20E9A6620041145B /* PBXTargetDependency */,
			);
			name = PickpocKTTests;
			productName = "app-iosTests";
			productReference = 46E7E31D20E9A6620041145B /* PickpocKTTests.xctest */;
			productType = "com.apple.product-type.bundle.unit-test";
		};
		46E7E32720E9A6620041145B /* PickpocKTUITests */ = {
			isa = PBXNativeTarget;
			buildConfigurationList = 46E7E33720E9A6620041145B /* Build configuration list for PBXNativeTarget "PickpocKTUITests" */;
			buildPhases = (
				46E7E32420E9A6620041145B /* Sources */,
				46E7E32520E9A6620041145B /* Frameworks */,
				46E7E32620E9A6620041145B /* Resources */,
			);
			buildRules = (
			);
			dependencies = (
				46E7E32A20E9A6620041145B /* PBXTargetDependency */,
			);
			name = PickpocKTUITests;
			productName = "app-iosUITests";
			productReference = 46E7E32820E9A6620041145B /* PickpocKTUITests.xctest */;
			productType = "com.apple.product-type.bundle.ui-testing";
		};
/* End PBXNativeTarget section */

/* Begin PBXProject section */
		46E7E30120E9A6600041145B /* Project object */ = {
			isa = PBXProject;
			attributes = {
				LastSwiftUpdateCheck = 0940;
				LastUpgradeCheck = 0940;
				ORGANIZATIONNAME = "Russell Wolf";
				TargetAttributes = {
					46E7E30820E9A6600041145B = {
						CreatedOnToolsVersion = 9.4;
					};
					46E7E31C20E9A6620041145B = {
						CreatedOnToolsVersion = 9.4;
						TestTargetID = 46E7E30820E9A6600041145B;
					};
					46E7E32720E9A6620041145B = {
						CreatedOnToolsVersion = 9.4;
						TestTargetID = 46E7E30820E9A6600041145B;
					};
				};
			};
			buildConfigurationList = 46E7E30420E9A6600041145B /* Build configuration list for PBXProject "PickpocKT" */;
			compatibilityVersion = "Xcode 9.3";
			developmentRegion = en;
			hasScannedForEncodings = 0;
			knownRegions = (
				en,
				Base,
			);
			mainGroup = 46E7E30020E9A6600041145B;
			productRefGroup = 46E7E30A20E9A6600041145B /* Products */;
			projectDirPath = "";
			projectRoot = "";
			targets = (
				46E7E30820E9A6600041145B /* PickpocKT */,
				46E7E31C20E9A6620041145B /* PickpocKTTests */,
				46E7E32720E9A6620041145B /* PickpocKTUITests */,
			);
		};
/* End PBXProject section */

/* Begin PBXResourcesBuildPhase section */
		46E7E30720E9A6600041145B /* Resources */ = {
			isa = PBXResourcesBuildPhase;
			buildActionMask = 2147483647;
			files = (
				46E7E37C20E9B1F20041145B /* GuessListCell.xib in Resources */,
				46E7E31720E9A6620041145B /* LaunchScreen.storyboard in Resources */,
				46E7E31420E9A6620041145B /* Assets.xcassets in Resources */,
				46E7E31220E9A6600041145B /* Main.storyboard in Resources */,
			);
			runOnlyForDeploymentPostprocessing = 0;
		};
		46E7E31B20E9A6620041145B /* Resources */ = {
			isa = PBXResourcesBuildPhase;
			buildActionMask = 2147483647;
			files = (
			);
			runOnlyForDeploymentPostprocessing = 0;
		};
		46E7E32620E9A6620041145B /* Resources */ = {
			isa = PBXResourcesBuildPhase;
			buildActionMask = 2147483647;
			files = (
			);
			runOnlyForDeploymentPostprocessing = 0;
		};
/* End PBXResourcesBuildPhase section */

/* Begin PBXShellScriptBuildPhase section */
		C779E50E2175242B00D95BC3 /* Build Kotlin Shared Module */ = {
			isa = PBXShellScriptBuildPhase;
			buildActionMask = 2147483647;
			files = (
			);
			inputFileListPaths = (
			);
			inputPaths = (
			);
			name = "Build Kotlin Shared Module";
			outputFileListPaths = (
			);
			outputPaths = (
			);
			runOnlyForDeploymentPostprocessing = 0;
			shellPath = /bin/sh;
			shellScript = "cd \"$SRCROOT/../shared/build/xcode-frameworks\"\n./gradlew :shared:packForXCode\n";
		};
/* End PBXShellScriptBuildPhase section */

/* Begin PBXSourcesBuildPhase section */
		46E7E30520E9A6600041145B /* Sources */ = {
			isa = PBXSourcesBuildPhase;
			buildActionMask = 2147483647;
			files = (
				46E7E30F20E9A6600041145B /* ViewController.swift in Sources */,
				46E7E30D20E9A6600041145B /* AppDelegate.swift in Sources */,
			);
			runOnlyForDeploymentPostprocessing = 0;
		};
		46E7E31920E9A6620041145B /* Sources */ = {
			isa = PBXSourcesBuildPhase;
			buildActionMask = 2147483647;
			files = (
				46E7E32220E9A6620041145B /* app_iosTests.swift in Sources */,
			);
			runOnlyForDeploymentPostprocessing = 0;
		};
		46E7E32420E9A6620041145B /* Sources */ = {
			isa = PBXSourcesBuildPhase;
			buildActionMask = 2147483647;
			files = (
				46E7E32D20E9A6620041145B /* app_iosUITests.swift in Sources */,
			);
			runOnlyForDeploymentPostprocessing = 0;
		};
/* End PBXSourcesBuildPhase section */

/* Begin PBXTargetDependency section */
		46E7E31F20E9A6620041145B /* PBXTargetDependency */ = {
			isa = PBXTargetDependency;
			target = 46E7E30820E9A6600041145B /* PickpocKT */;
			targetProxy = 46E7E31E20E9A6620041145B /* PBXContainerItemProxy */;
		};
		46E7E32A20E9A6620041145B /* PBXTargetDependency */ = {
			isa = PBXTargetDependency;
			target = 46E7E30820E9A6600041145B /* PickpocKT */;
			targetProxy = 46E7E32920E9A6620041145B /* PBXContainerItemProxy */;
		};
/* End PBXTargetDependency section */

/* Begin PBXVariantGroup section */
		46E7E31020E9A6600041145B /* Main.storyboard */ = {
			isa = PBXVariantGroup;
			children = (
				46E7E31120E9A6600041145B /* Base */,
			);
			name = Main.storyboard;
			sourceTree = "<group>";
		};
		46E7E31520E9A6620041145B /* LaunchScreen.storyboard */ = {
			isa = PBXVariantGroup;
			children = (
				46E7E31620E9A6620041145B /* Base */,
			);
			name = LaunchScreen.storyboard;
			sourceTree = "<group>";
		};
/* End PBXVariantGroup section */

/* Begin XCBuildConfiguration section */
		46E7E32F20E9A6620041145B /* Debug */ = {
			isa = XCBuildConfiguration;
			buildSettings = {
				ALWAYS_SEARCH_USER_PATHS = NO;
				CLANG_ANALYZER_NONNULL = YES;
				CLANG_ANALYZER_NUMBER_OBJECT_CONVERSION = YES_AGGRESSIVE;
				CLANG_CXX_LANGUAGE_STANDARD = "gnu++14";
				CLANG_CXX_LIBRARY = "libc++";
				CLANG_ENABLE_MODULES = YES;
				CLANG_ENABLE_OBJC_ARC = YES;
				CLANG_ENABLE_OBJC_WEAK = YES;
				CLANG_WARN_BLOCK_CAPTURE_AUTORELEASING = YES;
				CLANG_WARN_BOOL_CONVERSION = YES;
				CLANG_WARN_COMMA = YES;
				CLANG_WARN_CONSTANT_CONVERSION = YES;
				CLANG_WARN_DEPRECATED_OBJC_IMPLEMENTATIONS = YES;
				CLANG_WARN_DIRECT_OBJC_ISA_USAGE = YES_ERROR;
				CLANG_WARN_DOCUMENTATION_COMMENTS = YES;
				CLANG_WARN_EMPTY_BODY = YES;
				CLANG_WARN_ENUM_CONVERSION = YES;
				CLANG_WARN_INFINITE_RECURSION = YES;
				CLANG_WARN_INT_CONVERSION = YES;
				CLANG_WARN_NON_LITERAL_NULL_CONVERSION = YES;
				CLANG_WARN_OBJC_IMPLICIT_RETAIN_SELF = YES;
				CLANG_WARN_OBJC_LITERAL_CONVERSION = YES;
				CLANG_WARN_OBJC_ROOT_CLASS = YES_ERROR;
				CLANG_WARN_RANGE_LOOP_ANALYSIS = YES;
				CLANG_WARN_STRICT_PROTOTYPES = YES;
				CLANG_WARN_SUSPICIOUS_MOVE = YES;
				CLANG_WARN_UNGUARDED_AVAILABILITY = YES_AGGRESSIVE;
				CLANG_WARN_UNREACHABLE_CODE = YES;
				CLANG_WARN__DUPLICATE_METHOD_MATCH = YES;
				CODE_SIGN_IDENTITY = "iPhone Developer";
				COPY_PHASE_STRIP = NO;
				DEBUG_INFORMATION_FORMAT = dwarf;
				ENABLE_STRICT_OBJC_MSGSEND = YES;
				ENABLE_TESTABILITY = YES;
				GCC_C_LANGUAGE_STANDARD = gnu11;
				GCC_DYNAMIC_NO_PIC = NO;
				GCC_NO_COMMON_BLOCKS = YES;
				GCC_OPTIMIZATION_LEVEL = 0;
				GCC_PREPROCESSOR_DEFINITIONS = (
					"DEBUG=1",
					"$(inherited)",
				);
				GCC_WARN_64_TO_32_BIT_CONVERSION = YES;
				GCC_WARN_ABOUT_RETURN_TYPE = YES_ERROR;
				GCC_WARN_UNDECLARED_SELECTOR = YES;
				GCC_WARN_UNINITIALIZED_AUTOS = YES_AGGRESSIVE;
				GCC_WARN_UNUSED_FUNCTION = YES;
				GCC_WARN_UNUSED_VARIABLE = YES;
				IPHONEOS_DEPLOYMENT_TARGET = 11.4;
				MTL_ENABLE_DEBUG_INFO = YES;
				ONLY_ACTIVE_ARCH = YES;
				SDKROOT = iphoneos;
				SWIFT_ACTIVE_COMPILATION_CONDITIONS = DEBUG;
				SWIFT_OPTIMIZATION_LEVEL = "-Onone";
			};
			name = Debug;
		};
		46E7E33020E9A6620041145B /* Release */ = {
			isa = XCBuildConfiguration;
			buildSettings = {
				ALWAYS_SEARCH_USER_PATHS = NO;
				CLANG_ANALYZER_NONNULL = YES;
				CLANG_ANALYZER_NUMBER_OBJECT_CONVERSION = YES_AGGRESSIVE;
				CLANG_CXX_LANGUAGE_STANDARD = "gnu++14";
				CLANG_CXX_LIBRARY = "libc++";
				CLANG_ENABLE_MODULES = YES;
				CLANG_ENABLE_OBJC_ARC = YES;
				CLANG_ENABLE_OBJC_WEAK = YES;
				CLANG_WARN_BLOCK_CAPTURE_AUTORELEASING = YES;
				CLANG_WARN_BOOL_CONVERSION = YES;
				CLANG_WARN_COMMA = YES;
				CLANG_WARN_CONSTANT_CONVERSION = YES;
				CLANG_WARN_DEPRECATED_OBJC_IMPLEMENTATIONS = YES;
				CLANG_WARN_DIRECT_OBJC_ISA_USAGE = YES_ERROR;
				CLANG_WARN_DOCUMENTATION_COMMENTS = YES;
				CLANG_WARN_EMPTY_BODY = YES;
				CLANG_WARN_ENUM_CONVERSION = YES;
				CLANG_WARN_INFINITE_RECURSION = YES;
				CLANG_WARN_INT_CONVERSION = YES;
				CLANG_WARN_NON_LITERAL_NULL_CONVERSION = YES;
				CLANG_WARN_OBJC_IMPLICIT_RETAIN_SELF = YES;
				CLANG_WARN_OBJC_LITERAL_CONVERSION = YES;
				CLANG_WARN_OBJC_ROOT_CLASS = YES_ERROR;
				CLANG_WARN_RANGE_LOOP_ANALYSIS = YES;
				CLANG_WARN_STRICT_PROTOTYPES = YES;
				CLANG_WARN_SUSPICIOUS_MOVE = YES;
				CLANG_WARN_UNGUARDED_AVAILABILITY = YES_AGGRESSIVE;
				CLANG_WARN_UNREACHABLE_CODE = YES;
				CLANG_WARN__DUPLICATE_METHOD_MATCH = YES;
				CODE_SIGN_IDENTITY = "iPhone Developer";
				COPY_PHASE_STRIP = NO;
				DEBUG_INFORMATION_FORMAT = "dwarf-with-dsym";
				ENABLE_NS_ASSERTIONS = NO;
				ENABLE_STRICT_OBJC_MSGSEND = YES;
				GCC_C_LANGUAGE_STANDARD = gnu11;
				GCC_NO_COMMON_BLOCKS = YES;
				GCC_WARN_64_TO_32_BIT_CONVERSION = YES;
				GCC_WARN_ABOUT_RETURN_TYPE = YES_ERROR;
				GCC_WARN_UNDECLARED_SELECTOR = YES;
				GCC_WARN_UNINITIALIZED_AUTOS = YES_AGGRESSIVE;
				GCC_WARN_UNUSED_FUNCTION = YES;
				GCC_WARN_UNUSED_VARIABLE = YES;
				IPHONEOS_DEPLOYMENT_TARGET = 11.4;
				MTL_ENABLE_DEBUG_INFO = NO;
				SDKROOT = iphoneos;
				SWIFT_COMPILATION_MODE = wholemodule;
				SWIFT_OPTIMIZATION_LEVEL = "-O";
				VALIDATE_PRODUCT = YES;
			};
			name = Release;
		};
		46E7E33220E9A6620041145B /* Debug */ = {
			isa = XCBuildConfiguration;
			buildSettings = {
				ASSETCATALOG_COMPILER_APPICON_NAME = AppIcon;
				CODE_SIGN_STYLE = Automatic;
				DEVELOPMENT_TEAM = H6334Z65AH;
				ENABLE_BITCODE = NO;
				FRAMEWORK_SEARCH_PATHS = "$(SRCROOT)/../../SharedCode/build/xcode-frameworks";
				INFOPLIST_FILE = "$(SRCROOT)/PickpocKT/Info.plist";
				LD_RUNPATH_SEARCH_PATHS = (
					"$(inherited)",
					"@executable_path/Frameworks",
				);
				PRODUCT_BUNDLE_IDENTIFIER = "io.intrepid.app-ios";
				PRODUCT_NAME = "$(TARGET_NAME)";
				SWIFT_VERSION = 4.0;
				TARGETED_DEVICE_FAMILY = "1,2";
			};
			name = Debug;
		};
		46E7E33320E9A6620041145B /* Release */ = {
			isa = XCBuildConfiguration;
			buildSettings = {
				ASSETCATALOG_COMPILER_APPICON_NAME = AppIcon;
				CODE_SIGN_STYLE = Automatic;
				DEVELOPMENT_TEAM = H6334Z65AH;
				ENABLE_BITCODE = NO;
				FRAMEWORK_SEARCH_PATHS = "$(SRCROOT)/../../SharedCode/build/xcode-frameworks";
				INFOPLIST_FILE = "$(SRCROOT)/PickpocKT/Info.plist";
				LD_RUNPATH_SEARCH_PATHS = (
					"$(inherited)",
					"@executable_path/Frameworks",
				);
				PRODUCT_BUNDLE_IDENTIFIER = "io.intrepid.app-ios";
				PRODUCT_NAME = "$(TARGET_NAME)";
				SWIFT_VERSION = 4.0;
				TARGETED_DEVICE_FAMILY = "1,2";
			};
			name = Release;
		};
		46E7E33520E9A6620041145B /* Debug */ = {
			isa = XCBuildConfiguration;
			buildSettings = {
				ALWAYS_EMBED_SWIFT_STANDARD_LIBRARIES = YES;
				BUNDLE_LOADER = "$(TEST_HOST)";
				CODE_SIGN_STYLE = Automatic;
				DEVELOPMENT_TEAM = QDQ7CWKQQ6;
				INFOPLIST_FILE = "app-iosTests/Info.plist";
				LD_RUNPATH_SEARCH_PATHS = (
					"$(inherited)",
					"@executable_path/Frameworks",
					"@loader_path/Frameworks",
				);
				PRODUCT_BUNDLE_IDENTIFIER = "io.intrepid.app-iosTests";
				PRODUCT_NAME = "$(TARGET_NAME)";
				SWIFT_VERSION = 4.0;
				TARGETED_DEVICE_FAMILY = "1,2";
				TEST_HOST = "$(BUILT_PRODUCTS_DIR)/PickpocKT.app/PickpocKT";
			};
			name = Debug;
		};
		46E7E33620E9A6620041145B /* Release */ = {
			isa = XCBuildConfiguration;
			buildSettings = {
				ALWAYS_EMBED_SWIFT_STANDARD_LIBRARIES = YES;
				BUNDLE_LOADER = "$(TEST_HOST)";
				CODE_SIGN_STYLE = Automatic;
				DEVELOPMENT_TEAM = QDQ7CWKQQ6;
				INFOPLIST_FILE = "app-iosTests/Info.plist";
				LD_RUNPATH_SEARCH_PATHS = (
					"$(inherited)",
					"@executable_path/Frameworks",
					"@loader_path/Frameworks",
				);
				PRODUCT_BUNDLE_IDENTIFIER = "io.intrepid.app-iosTests";
				PRODUCT_NAME = "$(TARGET_NAME)";
				SWIFT_VERSION = 4.0;
				TARGETED_DEVICE_FAMILY = "1,2";
				TEST_HOST = "$(BUILT_PRODUCTS_DIR)/PickpocKT.app/PickpocKT";
			};
			name = Release;
		};
		46E7E33820E9A6620041145B /* Debug */ = {
			isa = XCBuildConfiguration;
			buildSettings = {
				ALWAYS_EMBED_SWIFT_STANDARD_LIBRARIES = YES;
				CODE_SIGN_STYLE = Automatic;
				DEVELOPMENT_TEAM = QDQ7CWKQQ6;
				INFOPLIST_FILE = "app-iosUITests/Info.plist";
				LD_RUNPATH_SEARCH_PATHS = (
					"$(inherited)",
					"@executable_path/Frameworks",
					"@loader_path/Frameworks",
				);
				PRODUCT_BUNDLE_IDENTIFIER = "io.intrepid.app-iosUITests";
				PRODUCT_NAME = "$(TARGET_NAME)";
				SWIFT_VERSION = 4.0;
				TARGETED_DEVICE_FAMILY = "1,2";
				TEST_TARGET_NAME = "app-ios";
			};
			name = Debug;
		};
		46E7E33920E9A6620041145B /* Release */ = {
			isa = XCBuildConfiguration;
			buildSettings = {
				ALWAYS_EMBED_SWIFT_STANDARD_LIBRARIES = YES;
				CODE_SIGN_STYLE = Automatic;
				DEVELOPMENT_TEAM = QDQ7CWKQQ6;
				INFOPLIST_FILE = "app-iosUITests/Info.plist";
				LD_RUNPATH_SEARCH_PATHS = (
					"$(inherited)",
					"@executable_path/Frameworks",
					"@loader_path/Frameworks",
				);
				PRODUCT_BUNDLE_IDENTIFIER = "io.intrepid.app-iosUITests";
				PRODUCT_NAME = "$(TARGET_NAME)";
				SWIFT_VERSION = 4.0;
				TARGETED_DEVICE_FAMILY = "1,2";
				TEST_TARGET_NAME = "app-ios";
			};
			name = Release;
		};
/* End XCBuildConfiguration section */

/* Begin XCConfigurationList section */
		46E7E30420E9A6600041145B /* Build configuration list for PBXProject "PickpocKT" */ = {
			isa = XCConfigurationList;
			buildConfigurations = (
				46E7E32F20E9A6620041145B /* Debug */,
				46E7E33020E9A6620041145B /* Release */,
			);
			defaultConfigurationIsVisible = 0;
			defaultConfigurationName = Release;
		};
		46E7E33120E9A6620041145B /* Build configuration list for PBXNativeTarget "PickpocKT" */ = {
			isa = XCConfigurationList;
			buildConfigurations = (
				46E7E33220E9A6620041145B /* Debug */,
				46E7E33320E9A6620041145B /* Release */,
			);
			defaultConfigurationIsVisible = 0;
			defaultConfigurationName = Release;
		};
		46E7E33420E9A6620041145B /* Build configuration list for PBXNativeTarget "PickpocKTTests" */ = {
			isa = XCConfigurationList;
			buildConfigurations = (
				46E7E33520E9A6620041145B /* Debug */,
				46E7E33620E9A6620041145B /* Release */,
			);
			defaultConfigurationIsVisible = 0;
			defaultConfigurationName = Release;
		};
		46E7E33720E9A6620041145B /* Build configuration list for PBXNativeTarget "PickpocKTUITests" */ = {
			isa = XCConfigurationList;
			buildConfigurations = (
				46E7E33820E9A6620041145B /* Debug */,
				46E7E33920E9A6620041145B /* Release */,
			);
			defaultConfigurationIsVisible = 0;
			defaultConfigurationName = Release;
		};
/* End XCConfigurationList section */
	};
	rootObject = 46E7E30120E9A6600041145B /* Project object */;
}
