// !$*UTF8*$!
{
	archiveVersion = 1;
	classes = {
	};
	objectVersion = 50;
	objects = {

/* Begin PBXBuildFile section */
		08C790DF23C34039B7455030 /* LocalLockProvider.kt in Sources */ = {isa = PBXBuildFile; fileRef = 61524B4B15FA66C32F0FAA05 /* LocalLockProvider.kt */; settings = {COMPILER_FLAGS = "-w"; }; };
		133038B7085BC55DA65F7851 /* runBlocking.kt in Sources */ = {isa = PBXBuildFile; fileRef = 00F9CF5E136FC5A841CB5904 /* runBlocking.kt */; settings = {COMPILER_FLAGS = "-w"; }; };
		23E0A9CC68A512E85ECED76A /* LockApi.kt in Sources */ = {isa = PBXBuildFile; fileRef = 2608AA5F4370E6F735DE1866 /* LockApi.kt */; settings = {COMPILER_FLAGS = "-w"; }; };
		2F205FD34D52A33F7E51AF52 /* WebLockProvider.kt in Sources */ = {isa = PBXBuildFile; fileRef = 8F3997964A1069907D2B3127 /* WebLockProvider.kt */; settings = {COMPILER_FLAGS = "-w"; }; };
		32A2A57B46D01B99D5B150E6 /* LockViewModel.kt in Sources */ = {isa = PBXBuildFile; fileRef = E072FAA4693B12201F2C3835 /* LockViewModel.kt */; settings = {COMPILER_FLAGS = "-w"; }; };
		448D825A8C1B33EE8F5E069B /* IosHelpers.kt in Sources */ = {isa = PBXBuildFile; fileRef = 263670375D0F0618BD9A484F /* IosHelpers.kt */; settings = {COMPILER_FLAGS = "-w"; }; };
		465611FD21FD1F7E00409CFD /* Shared.framework in Frameworks */ = {isa = PBXBuildFile; fileRef = 465611E821FD1F7E00409CFD /* Shared.framework */; };
		465611FE21FD1F7E00409CFD /* Shared.framework in Embed Frameworks */ = {isa = PBXBuildFile; fileRef = 465611E821FD1F7E00409CFD /* Shared.framework */; settings = {ATTRIBUTES = (CodeSignOnCopy, RemoveHeadersOnCopy, ); }; };
		46E7E30D20E9A6600041145B /* AppDelegate.swift in Sources */ = {isa = PBXBuildFile; fileRef = 46E7E30C20E9A6600041145B /* AppDelegate.swift */; };
		46E7E30F20E9A6600041145B /* ViewController.swift in Sources */ = {isa = PBXBuildFile; fileRef = 46E7E30E20E9A6600041145B /* ViewController.swift */; };
		46E7E31220E9A6600041145B /* Main.storyboard in Resources */ = {isa = PBXBuildFile; fileRef = 46E7E31020E9A6600041145B /* Main.storyboard */; };
		46E7E31420E9A6620041145B /* Assets.xcassets in Resources */ = {isa = PBXBuildFile; fileRef = 46E7E31320E9A6620041145B /* Assets.xcassets */; };
		46E7E31720E9A6620041145B /* LaunchScreen.storyboard in Resources */ = {isa = PBXBuildFile; fileRef = 46E7E31520E9A6620041145B /* LaunchScreen.storyboard */; };
		46E7E32220E9A6620041145B /* app_iosTests.swift in Sources */ = {isa = PBXBuildFile; fileRef = 46E7E32120E9A6620041145B /* app_iosTests.swift */; };
		46E7E32D20E9A6620041145B /* app_iosUITests.swift in Sources */ = {isa = PBXBuildFile; fileRef = 46E7E32C20E9A6620041145B /* app_iosUITests.swift */; };
		46E7E37C20E9B1F20041145B /* GuessListCell.xib in Resources */ = {isa = PBXBuildFile; fileRef = 46E7E37B20E9B1F20041145B /* GuessListCell.xib */; };
		55CF3BD7AC8DF10605F99B07 /* runBlocking.kt in Sources */ = {isa = PBXBuildFile; fileRef = 2F5F749BFB64C7AD95D5CDB5 /* runBlocking.kt */; settings = {COMPILER_FLAGS = "-w"; }; };
		65A81AD31439EBB6FEE142AF /* LocalLock.kt in Sources */ = {isa = PBXBuildFile; fileRef = 10D50FE5E082B8F7D85164D2 /* LocalLock.kt */; settings = {COMPILER_FLAGS = "-w"; }; };
		66B643E8449EDCF3744B2554 /* runBlocking.kt in Sources */ = {isa = PBXBuildFile; fileRef = D704B537A4A3F335B8867264 /* runBlocking.kt */; settings = {COMPILER_FLAGS = "-w"; }; };
		88AEFC65F2141304DBEC23F8 /* httpClientEngine.kt in Sources */ = {isa = PBXBuildFile; fileRef = 975065504B8D123FA4C40D3F /* httpClientEngine.kt */; settings = {COMPILER_FLAGS = "-w"; }; };
		9406FDC545233B089D54F2D7 /* Lock.kt in Sources */ = {isa = PBXBuildFile; fileRef = 318451B96B6732F690AFD921 /* Lock.kt */; settings = {COMPILER_FLAGS = "-w"; }; };
		98F2FA7F5692D9B7FAD0FB14 /* WebLock.kt in Sources */ = {isa = PBXBuildFile; fileRef = A746F3AE30E43C44F152DA21 /* WebLock.kt */; settings = {COMPILER_FLAGS = "-w"; }; };
		AAA2BB5A6CE51C02E54DC297 /* WebLockTest.kt in Sources */ = {isa = PBXBuildFile; fileRef = 08DD588A5AEA790C29E0DDCC /* WebLockTest.kt */; settings = {COMPILER_FLAGS = "-w"; }; };
		B8A3D3655C418BC56CA5B2F4 /* MainDispatcher.kt in Sources */ = {isa = PBXBuildFile; fileRef = 9296EE265F2AB06B03B36ED6 /* MainDispatcher.kt */; settings = {COMPILER_FLAGS = "-w"; }; };
		BC878F408A785871B4539025 /* LockViewModelTest.kt in Sources */ = {isa = PBXBuildFile; fileRef = 73E6ED9A037A39C2EB27B688 /* LockViewModelTest.kt */; settings = {COMPILER_FLAGS = "-w"; }; };
		BDFC3885CCFCE8AC144E2AB5 /* LockClientTest.kt in Sources */ = {isa = PBXBuildFile; fileRef = E3152C6E73A6A51805DBF637 /* LockClientTest.kt */; settings = {COMPILER_FLAGS = "-w"; }; };
		C2EE00D76BEFB417C1B736B8 /* MainDispatcher.kt in Sources */ = {isa = PBXBuildFile; fileRef = 7252D2C08F1F8A3CC82CC4AB /* MainDispatcher.kt */; settings = {COMPILER_FLAGS = "-w"; }; };
		E2F15EF964B4CC94EE751D99 /* MainDispatcher.kt in Sources */ = {isa = PBXBuildFile; fileRef = E51CC3EBDC2AF402B13D2281 /* MainDispatcher.kt */; settings = {COMPILER_FLAGS = "-w"; }; };
		FA4CE1EABD9F9694CFF2D6AF /* httpClientEngine.kt in Sources */ = {isa = PBXBuildFile; fileRef = D28991A95C6B24BD6AF67561 /* httpClientEngine.kt */; settings = {COMPILER_FLAGS = "-w"; }; };
		FD80F571856BBC79A1AFB150 /* LocalLockTest.kt in Sources */ = {isa = PBXBuildFile; fileRef = AF3AA158CF773EBC0EC105EF /* LocalLockTest.kt */; settings = {COMPILER_FLAGS = "-w"; }; };
		FF8FDF1372EEC41CB6F46DD1 /* httpClientEngine.kt in Sources */ = {isa = PBXBuildFile; fileRef = 77C5252D78713C7DC982794D /* httpClientEngine.kt */; settings = {COMPILER_FLAGS = "-w"; }; };
/* End PBXBuildFile section */

/* Begin PBXContainerItemProxy section */
		465611FB21FD1F7E00409CFD /* PBXContainerItemProxy */ = {
			isa = PBXContainerItemProxy;
			containerPortal = 46E7E30120E9A6600041145B /* Project object */;
			proxyType = 1;
			remoteGlobalIDString = 465611E721FD1F7E00409CFD;
			remoteInfo = Shared;
		};
		46E7E31E20E9A6620041145B /* PBXContainerItemProxy */ = {
			isa = PBXContainerItemProxy;
			containerPortal = 46E7E30120E9A6600041145B /* Project object */;
			proxyType = 1;
			remoteGlobalIDString = 46E7E30820E9A6600041145B;
			remoteInfo = "app-ios";
		};
		46E7E32920E9A6620041145B /* PBXContainerItemProxy */ = {
			isa = PBXContainerItemProxy;
			containerPortal = 46E7E30120E9A6600041145B /* Project object */;
			proxyType = 1;
			remoteGlobalIDString = 46E7E30820E9A6600041145B;
			remoteInfo = "app-ios";
		};
/* End PBXContainerItemProxy section */

/* Begin PBXCopyFilesBuildPhase section */
		46E7E35920E9A6B20041145B /* Embed Frameworks */ = {
			isa = PBXCopyFilesBuildPhase;
			buildActionMask = 2147483647;
			dstPath = "";
			dstSubfolderSpec = 10;
			files = (
				465611FE21FD1F7E00409CFD /* Shared.framework in Embed Frameworks */,
			);
			name = "Embed Frameworks";
			runOnlyForDeploymentPostprocessing = 0;
		};
/* End PBXCopyFilesBuildPhase section */

/* Begin PBXFileReference section */
		00F9CF5E136FC5A841CB5904 /* runBlocking.kt */ = {isa = PBXFileReference; includeInIndex = 1; name = runBlocking.kt; path = ../shared/src/androidMain/kotlin/io/intrepid/pickpocket/runBlocking.kt; sourceTree = "<group>"; };
		08DD588A5AEA790C29E0DDCC /* WebLockTest.kt */ = {isa = PBXFileReference; includeInIndex = 1; name = WebLockTest.kt; path = ../shared/src/commonTest/kotlin/io/intrepid/pickpocket/WebLockTest.kt; sourceTree = "<group>"; };
		10D50FE5E082B8F7D85164D2 /* LocalLock.kt */ = {isa = PBXFileReference; includeInIndex = 1; name = LocalLock.kt; path = ../shared/src/commonMain/kotlin/io/intrepid/pickpocket/LocalLock.kt; sourceTree = "<group>"; };
		2608AA5F4370E6F735DE1866 /* LockApi.kt */ = {isa = PBXFileReference; includeInIndex = 1; name = LockApi.kt; path = ../shared/src/commonMain/kotlin/io/intrepid/pickpocket/LockApi.kt; sourceTree = "<group>"; };
		263670375D0F0618BD9A484F /* IosHelpers.kt */ = {isa = PBXFileReference; includeInIndex = 1; name = IosHelpers.kt; path = ../shared/src/iosMain/kotlin/io/intrepid/pickpocket/IosHelpers.kt; sourceTree = "<group>"; };
		2F5F749BFB64C7AD95D5CDB5 /* runBlocking.kt */ = {isa = PBXFileReference; includeInIndex = 1; name = runBlocking.kt; path = ../shared/src/iosMain/kotlin/io/intrepid/pickpocket/runBlocking.kt; sourceTree = "<group>"; };
		318451B96B6732F690AFD921 /* Lock.kt */ = {isa = PBXFileReference; includeInIndex = 1; name = Lock.kt; path = ../shared/src/commonMain/kotlin/io/intrepid/pickpocket/Lock.kt; sourceTree = "<group>"; };
		465611E821FD1F7E00409CFD /* Shared.framework */ = {isa = PBXFileReference; explicitFileType = wrapper.framework; includeInIndex = 0; path = Shared.framework; sourceTree = BUILT_PRODUCTS_DIR; };
		465611EA21FD1F7E00409CFD /* Shared.h */ = {isa = PBXFileReference; lastKnownFileType = sourcecode.c.h; path = Shared.h; sourceTree = "<group>"; };
		465611EB21FD1F7E00409CFD /* Info.plist */ = {isa = PBXFileReference; lastKnownFileType = text.plist.xml; path = Info.plist; sourceTree = "<group>"; };
		46E7E30920E9A6600041145B /* PickpocKT.app */ = {isa = PBXFileReference; explicitFileType = wrapper.application; includeInIndex = 0; path = PickpocKT.app; sourceTree = BUILT_PRODUCTS_DIR; };
		46E7E30C20E9A6600041145B /* AppDelegate.swift */ = {isa = PBXFileReference; lastKnownFileType = sourcecode.swift; path = AppDelegate.swift; sourceTree = "<group>"; };
		46E7E30E20E9A6600041145B /* ViewController.swift */ = {isa = PBXFileReference; lastKnownFileType = sourcecode.swift; path = ViewController.swift; sourceTree = "<group>"; };
		46E7E31120E9A6600041145B /* Base */ = {isa = PBXFileReference; lastKnownFileType = file.storyboard; name = Base; path = Base.lproj/Main.storyboard; sourceTree = "<group>"; };
		46E7E31320E9A6620041145B /* Assets.xcassets */ = {isa = PBXFileReference; lastKnownFileType = folder.assetcatalog; path = Assets.xcassets; sourceTree = "<group>"; };
		46E7E31620E9A6620041145B /* Base */ = {isa = PBXFileReference; lastKnownFileType = file.storyboard; name = Base; path = Base.lproj/LaunchScreen.storyboard; sourceTree = "<group>"; };
		46E7E31820E9A6620041145B /* Info.plist */ = {isa = PBXFileReference; lastKnownFileType = text.plist.xml; path = Info.plist; sourceTree = "<group>"; };
		46E7E31D20E9A6620041145B /* PickpocKTTests.xctest */ = {isa = PBXFileReference; explicitFileType = wrapper.cfbundle; includeInIndex = 0; path = PickpocKTTests.xctest; sourceTree = BUILT_PRODUCTS_DIR; };
		46E7E32120E9A6620041145B /* app_iosTests.swift */ = {isa = PBXFileReference; lastKnownFileType = sourcecode.swift; path = app_iosTests.swift; sourceTree = "<group>"; };
		46E7E32320E9A6620041145B /* Info.plist */ = {isa = PBXFileReference; lastKnownFileType = text.plist.xml; path = Info.plist; sourceTree = "<group>"; };
		46E7E32820E9A6620041145B /* PickpocKTUITests.xctest */ = {isa = PBXFileReference; explicitFileType = wrapper.cfbundle; includeInIndex = 0; path = PickpocKTUITests.xctest; sourceTree = BUILT_PRODUCTS_DIR; };
		46E7E32C20E9A6620041145B /* app_iosUITests.swift */ = {isa = PBXFileReference; lastKnownFileType = sourcecode.swift; path = app_iosUITests.swift; sourceTree = "<group>"; };
		46E7E32E20E9A6620041145B /* Info.plist */ = {isa = PBXFileReference; lastKnownFileType = text.plist.xml; path = Info.plist; sourceTree = "<group>"; };
		46E7E37B20E9B1F20041145B /* GuessListCell.xib */ = {isa = PBXFileReference; lastKnownFileType = file.xib; path = GuessListCell.xib; sourceTree = "<group>"; };
		61524B4B15FA66C32F0FAA05 /* LocalLockProvider.kt */ = {isa = PBXFileReference; includeInIndex = 1; name = LocalLockProvider.kt; path = ../shared/src/commonMain/kotlin/io/intrepid/pickpocket/LocalLockProvider.kt; sourceTree = "<group>"; };
		7252D2C08F1F8A3CC82CC4AB /* MainDispatcher.kt */ = {isa = PBXFileReference; includeInIndex = 1; name = MainDispatcher.kt; path = ../shared/src/commonMain/kotlin/io/intrepid/pickpocket/MainDispatcher.kt; sourceTree = "<group>"; };
		73E6ED9A037A39C2EB27B688 /* LockViewModelTest.kt */ = {isa = PBXFileReference; includeInIndex = 1; name = LockViewModelTest.kt; path = ../shared/src/commonTest/kotlin/io/intrepid/pickpocket/LockViewModelTest.kt; sourceTree = "<group>"; };
		77C5252D78713C7DC982794D /* httpClientEngine.kt */ = {isa = PBXFileReference; includeInIndex = 1; name = httpClientEngine.kt; path = ../shared/src/androidMain/kotlin/io/intrepid/pickpocket/httpClientEngine.kt; sourceTree = "<group>"; };
		8F3997964A1069907D2B3127 /* WebLockProvider.kt */ = {isa = PBXFileReference; includeInIndex = 1; name = WebLockProvider.kt; path = ../shared/src/commonMain/kotlin/io/intrepid/pickpocket/WebLockProvider.kt; sourceTree = "<group>"; };
		9296EE265F2AB06B03B36ED6 /* MainDispatcher.kt */ = {isa = PBXFileReference; includeInIndex = 1; name = MainDispatcher.kt; path = ../shared/src/androidMain/kotlin/io/intrepid/pickpocket/MainDispatcher.kt; sourceTree = "<group>"; };
		975065504B8D123FA4C40D3F /* httpClientEngine.kt */ = {isa = PBXFileReference; includeInIndex = 1; name = httpClientEngine.kt; path = ../shared/src/commonMain/kotlin/io/intrepid/pickpocket/httpClientEngine.kt; sourceTree = "<group>"; };
		A746F3AE30E43C44F152DA21 /* WebLock.kt */ = {isa = PBXFileReference; includeInIndex = 1; name = WebLock.kt; path = ../shared/src/commonMain/kotlin/io/intrepid/pickpocket/WebLock.kt; sourceTree = "<group>"; };
		AF3AA158CF773EBC0EC105EF /* LocalLockTest.kt */ = {isa = PBXFileReference; includeInIndex = 1; name = LocalLockTest.kt; path = ../shared/src/commonTest/kotlin/io/intrepid/pickpocket/LocalLockTest.kt; sourceTree = "<group>"; };
		D28991A95C6B24BD6AF67561 /* httpClientEngine.kt */ = {isa = PBXFileReference; includeInIndex = 1; name = httpClientEngine.kt; path = ../shared/src/iosMain/kotlin/io/intrepid/pickpocket/httpClientEngine.kt; sourceTree = "<group>"; };
		D704B537A4A3F335B8867264 /* runBlocking.kt */ = {isa = PBXFileReference; includeInIndex = 1; name = runBlocking.kt; path = ../shared/src/commonMain/kotlin/io/intrepid/pickpocket/runBlocking.kt; sourceTree = "<group>"; };
		E072FAA4693B12201F2C3835 /* LockViewModel.kt */ = {isa = PBXFileReference; includeInIndex = 1; name = LockViewModel.kt; path = ../shared/src/commonMain/kotlin/io/intrepid/pickpocket/LockViewModel.kt; sourceTree = "<group>"; };
		E3152C6E73A6A51805DBF637 /* LockClientTest.kt */ = {isa = PBXFileReference; includeInIndex = 1; name = LockClientTest.kt; path = ../shared/src/commonTest/kotlin/io/intrepid/pickpocket/LockClientTest.kt; sourceTree = "<group>"; };
		E51CC3EBDC2AF402B13D2281 /* MainDispatcher.kt */ = {isa = PBXFileReference; includeInIndex = 1; name = MainDispatcher.kt; path = ../shared/src/iosMain/kotlin/io/intrepid/pickpocket/MainDispatcher.kt; sourceTree = "<group>"; };
/* End PBXFileReference section */

/* Begin PBXFrameworksBuildPhase section */
		46E7E30620E9A6600041145B /* Frameworks */ = {
			isa = PBXFrameworksBuildPhase;
			buildActionMask = 2147483647;
			files = (
				465611FD21FD1F7E00409CFD /* Shared.framework in Frameworks */,
			);
			runOnlyForDeploymentPostprocessing = 0;
		};
		46E7E31A20E9A6620041145B /* Frameworks */ = {
			isa = PBXFrameworksBuildPhase;
			buildActionMask = 2147483647;
			files = (
			);
			runOnlyForDeploymentPostprocessing = 0;
		};
		46E7E32520E9A6620041145B /* Frameworks */ = {
			isa = PBXFrameworksBuildPhase;
			buildActionMask = 2147483647;
			files = (
			);
			runOnlyForDeploymentPostprocessing = 0;
		};
/* End PBXFrameworksBuildPhase section */

/* Begin PBXGroup section */
		0415A4DFB3DF8EEDE303C65E /* pickpocket */ = {
			isa = PBXGroup;
			children = (
				00F9CF5E136FC5A841CB5904 /* runBlocking.kt */,
				77C5252D78713C7DC982794D /* httpClientEngine.kt */,
				9296EE265F2AB06B03B36ED6 /* MainDispatcher.kt */,
			);
			name = pickpocket;
			sourceTree = "<group>";
		};
		09F2F959791529D619F080F3 /* main */ = {
			isa = PBXGroup;
			children = (
			);
			name = main;
			sourceTree = "<group>";
		};
		10E9424BBD1ED329A1CF97BB /* intrepid */ = {
			isa = PBXGroup;
			children = (
				2E8B5A2ED94A474CB60860B6 /* pickpocket */,
			);
			name = intrepid;
			sourceTree = "<group>";
		};
		17077A67A9C8F476E6AC535E /* pickpocket */ = {
			isa = PBXGroup;
			children = (
				318451B96B6732F690AFD921 /* Lock.kt */,
				E072FAA4693B12201F2C3835 /* LockViewModel.kt */,
				D704B537A4A3F335B8867264 /* runBlocking.kt */,
				2608AA5F4370E6F735DE1866 /* LockApi.kt */,
				A746F3AE30E43C44F152DA21 /* WebLock.kt */,
				61524B4B15FA66C32F0FAA05 /* LocalLockProvider.kt */,
				10D50FE5E082B8F7D85164D2 /* LocalLock.kt */,
				975065504B8D123FA4C40D3F /* httpClientEngine.kt */,
				7252D2C08F1F8A3CC82CC4AB /* MainDispatcher.kt */,
				8F3997964A1069907D2B3127 /* WebLockProvider.kt */,
			);
			name = pickpocket;
			sourceTree = "<group>";
		};
		1D755BB5A83E29D8251ACDEB /* intrepid */ = {
			isa = PBXGroup;
			children = (
				0415A4DFB3DF8EEDE303C65E /* pickpocket */,
			);
			name = intrepid;
			sourceTree = "<group>";
		};
		2E8B5A2ED94A474CB60860B6 /* pickpocket */ = {
			isa = PBXGroup;
			children = (
				2F5F749BFB64C7AD95D5CDB5 /* runBlocking.kt */,
				263670375D0F0618BD9A484F /* IosHelpers.kt */,
				D28991A95C6B24BD6AF67561 /* httpClientEngine.kt */,
				E51CC3EBDC2AF402B13D2281 /* MainDispatcher.kt */,
			);
			name = pickpocket;
			sourceTree = "<group>";
		};
		3A2FFBF0F054F31AD6E902C3 /* iosMain */ = {
			isa = PBXGroup;
			children = (
				71CE8492952909E5A01C4E5B /* kotlin */,
			);
			name = iosMain;
			sourceTree = "<group>";
		};
		465611E921FD1F7E00409CFD /* Shared */ = {
			isa = PBXGroup;
			children = (
				465611EA21FD1F7E00409CFD /* Shared.h */,
				465611EB21FD1F7E00409CFD /* Info.plist */,
			);
			path = Shared;
			sourceTree = "<group>";
		};
		46E7E30020E9A6600041145B = {
			isa = PBXGroup;
			children = (
				46E7E30B20E9A6600041145B /* PickpocKT */,
				46E7E32020E9A6620041145B /* PickpocKTTests */,
				46E7E32B20E9A6620041145B /* PickPocKTUITests */,
				465611E921FD1F7E00409CFD /* Shared */,
				46E7E30A20E9A6600041145B /* Products */,
				52EF193921D2788A8BFB46E7 /* Kotlin */,
			);
			sourceTree = "<group>";
		};
		46E7E30A20E9A6600041145B /* Products */ = {
			isa = PBXGroup;
			children = (
				46E7E30920E9A6600041145B /* PickpocKT.app */,
				46E7E31D20E9A6620041145B /* PickpocKTTests.xctest */,
				46E7E32820E9A6620041145B /* PickpocKTUITests.xctest */,
				465611E821FD1F7E00409CFD /* Shared.framework */,
			);
			name = Products;
			sourceTree = "<group>";
		};
		46E7E30B20E9A6600041145B /* PickpocKT */ = {
			isa = PBXGroup;
			children = (
				46E7E30C20E9A6600041145B /* AppDelegate.swift */,
				46E7E30E20E9A6600041145B /* ViewController.swift */,
				46E7E31020E9A6600041145B /* Main.storyboard */,
				46E7E31320E9A6620041145B /* Assets.xcassets */,
				46E7E31520E9A6620041145B /* LaunchScreen.storyboard */,
				46E7E31820E9A6620041145B /* Info.plist */,
				46E7E37B20E9B1F20041145B /* GuessListCell.xib */,
			);
			path = PickpocKT;
			sourceTree = "<group>";
		};
		46E7E32020E9A6620041145B /* PickpocKTTests */ = {
			isa = PBXGroup;
			children = (
				46E7E32120E9A6620041145B /* app_iosTests.swift */,
				46E7E32320E9A6620041145B /* Info.plist */,
			);
			path = PickpocKTTests;
			sourceTree = "<group>";
		};
		46E7E32B20E9A6620041145B /* PickPocKTUITests */ = {
			isa = PBXGroup;
			children = (
				46E7E32C20E9A6620041145B /* app_iosUITests.swift */,
				46E7E32E20E9A6620041145B /* Info.plist */,
			);
			path = PickPocKTUITests;
			sourceTree = "<group>";
		};
		52EF193921D2788A8BFB46E7 /* Kotlin */ = {
			isa = PBXGroup;
			children = (
				3A2FFBF0F054F31AD6E902C3 /* iosMain */,
				E401160A38CCF58595C2E22C /* commonMain */,
				5FE612115FD3FF1BF8A88344 /* commonTest */,
				09F2F959791529D619F080F3 /* main */,
				6FA4C00E58ACAA9F4E92F115 /* androidMain */,
			);
			name = Kotlin;
			sourceTree = "<group>";
		};
		5FE612115FD3FF1BF8A88344 /* commonTest */ = {
			isa = PBXGroup;
			children = (
				A527BE2B3D030DC48AFD0229 /* kotlin */,
			);
			name = commonTest;
			sourceTree = "<group>";
		};
		608B72781931BAFD814785FB /* io */ = {
			isa = PBXGroup;
			children = (
				EC9E614E7364B9C19D5B3B27 /* intrepid */,
			);
			name = io;
			sourceTree = "<group>";
		};
		652C2F6C01E5F8409FEE0CA6 /* io */ = {
			isa = PBXGroup;
			children = (
				FF50D1D9C7ECEAFC68FD6279 /* intrepid */,
			);
			name = io;
			sourceTree = "<group>";
		};
		6FA4C00E58ACAA9F4E92F115 /* androidMain */ = {
			isa = PBXGroup;
			children = (
				A29195E22B9C827AF801F9D1 /* kotlin */,
			);
			name = androidMain;
			sourceTree = "<group>";
		};
		71CE8492952909E5A01C4E5B /* kotlin */ = {
			isa = PBXGroup;
			children = (
				E6CFAFA87293FB4318787F91 /* io */,
			);
			name = kotlin;
			sourceTree = "<group>";
		};
		9234A87A421B60AABB4FBC57 /* kotlin */ = {
			isa = PBXGroup;
			children = (
				608B72781931BAFD814785FB /* io */,
			);
			name = kotlin;
			sourceTree = "<group>";
		};
		A29195E22B9C827AF801F9D1 /* kotlin */ = {
			isa = PBXGroup;
			children = (
				D5B32EB76A0D2D2B7B057C34 /* io */,
			);
			name = kotlin;
			sourceTree = "<group>";
		};
		A527BE2B3D030DC48AFD0229 /* kotlin */ = {
			isa = PBXGroup;
			children = (
				652C2F6C01E5F8409FEE0CA6 /* io */,
			);
			name = kotlin;
			sourceTree = "<group>";
		};
		BB28E39D1B6A1BF9035D1FF8 /* pickpocket */ = {
			isa = PBXGroup;
			children = (
				AF3AA158CF773EBC0EC105EF /* LocalLockTest.kt */,
				08DD588A5AEA790C29E0DDCC /* WebLockTest.kt */,
				73E6ED9A037A39C2EB27B688 /* LockViewModelTest.kt */,
				E3152C6E73A6A51805DBF637 /* LockClientTest.kt */,
			);
			name = pickpocket;
			sourceTree = "<group>";
		};
		D5B32EB76A0D2D2B7B057C34 /* io */ = {
			isa = PBXGroup;
			children = (
				1D755BB5A83E29D8251ACDEB /* intrepid */,
			);
			name = io;
			sourceTree = "<group>";
		};
		E401160A38CCF58595C2E22C /* commonMain */ = {
			isa = PBXGroup;
			children = (
				9234A87A421B60AABB4FBC57 /* kotlin */,
			);
			name = commonMain;
			sourceTree = "<group>";
		};
		E6CFAFA87293FB4318787F91 /* io */ = {
			isa = PBXGroup;
			children = (
				10E9424BBD1ED329A1CF97BB /* intrepid */,
			);
			name = io;
			sourceTree = "<group>";
		};
		EC9E614E7364B9C19D5B3B27 /* intrepid */ = {
			isa = PBXGroup;
			children = (
				17077A67A9C8F476E6AC535E /* pickpocket */,
			);
			name = intrepid;
			sourceTree = "<group>";
		};
		FF50D1D9C7ECEAFC68FD6279 /* intrepid */ = {
			isa = PBXGroup;
			children = (
				BB28E39D1B6A1BF9035D1FF8 /* pickpocket */,
			);
			name = intrepid;
			sourceTree = "<group>";
		};
/* End PBXGroup section */

/* Begin PBXNativeTarget section */
		465611E721FD1F7E00409CFD /* Shared */ = {
			isa = PBXNativeTarget;
			buildConfigurationList = 465611FF21FD1F7E00409CFD /* Build configuration list for PBXNativeTarget "Shared" */;
			buildPhases = (
				4656120521FD1FF400409CFD /* ShellScript */,
			);
			buildRules = (
			);
			dependencies = (
			);
			name = Shared;
			productName = Shared;
			productReference = 465611E821FD1F7E00409CFD /* Shared.framework */;
			productType = "com.apple.product-type.framework";
		};
		46E7E30820E9A6600041145B /* PickpocKT */ = {
			isa = PBXNativeTarget;
			buildConfigurationList = 46E7E33120E9A6620041145B /* Build configuration list for PBXNativeTarget "PickpocKT" */;
			buildPhases = (
				46E7E30520E9A6600041145B /* Sources */,
				46E7E30620E9A6600041145B /* Frameworks */,
				46E7E30720E9A6600041145B /* Resources */,
				46E7E35920E9A6B20041145B /* Embed Frameworks */,
			);
			buildRules = (
			);
			dependencies = (
				465611FC21FD1F7E00409CFD /* PBXTargetDependency */,
			);
			name = PickpocKT;
			productName = "app-ios";
			productReference = 46E7E30920E9A6600041145B /* PickpocKT.app */;
			productType = "com.apple.product-type.application";
		};
		46E7E31C20E9A6620041145B /* PickpocKTTests */ = {
			isa = PBXNativeTarget;
			buildConfigurationList = 46E7E33420E9A6620041145B /* Build configuration list for PBXNativeTarget "PickpocKTTests" */;
			buildPhases = (
				46E7E31920E9A6620041145B /* Sources */,
				46E7E31A20E9A6620041145B /* Frameworks */,
				46E7E31B20E9A6620041145B /* Resources */,
			);
			buildRules = (
			);
			dependencies = (
				46E7E31F20E9A6620041145B /* PBXTargetDependency */,
			);
			name = PickpocKTTests;
			productName = "app-iosTests";
			productReference = 46E7E31D20E9A6620041145B /* PickpocKTTests.xctest */;
			productType = "com.apple.product-type.bundle.unit-test";
		};
		46E7E32720E9A6620041145B /* PickpocKTUITests */ = {
			isa = PBXNativeTarget;
			buildConfigurationList = 46E7E33720E9A6620041145B /* Build configuration list for PBXNativeTarget "PickpocKTUITests" */;
			buildPhases = (
				46E7E32420E9A6620041145B /* Sources */,
				46E7E32520E9A6620041145B /* Frameworks */,
				46E7E32620E9A6620041145B /* Resources */,
			);
			buildRules = (
			);
			dependencies = (
				46E7E32A20E9A6620041145B /* PBXTargetDependency */,
			);
			name = PickpocKTUITests;
			productName = "app-iosUITests";
			productReference = 46E7E32820E9A6620041145B /* PickpocKTUITests.xctest */;
			productType = "com.apple.product-type.bundle.ui-testing";
		};
/* End PBXNativeTarget section */

/* Begin PBXProject section */
		46E7E30120E9A6600041145B /* Project object */ = {
			isa = PBXProject;
			attributes = {
				LastSwiftUpdateCheck = 1010;
				LastUpgradeCheck = 0940;
				ORGANIZATIONNAME = "Russell Wolf";
				TargetAttributes = {
					465611E721FD1F7E00409CFD = {
						CreatedOnToolsVersion = 10.1;
					};
					46E7E30820E9A6600041145B = {
						CreatedOnToolsVersion = 9.4;
					};
					46E7E31C20E9A6620041145B = {
						CreatedOnToolsVersion = 9.4;
						TestTargetID = 46E7E30820E9A6600041145B;
					};
					46E7E32720E9A6620041145B = {
						CreatedOnToolsVersion = 9.4;
						TestTargetID = 46E7E30820E9A6600041145B;
					};
				};
			};
			buildConfigurationList = 46E7E30420E9A6600041145B /* Build configuration list for PBXProject "PickpocKT" */;
			compatibilityVersion = "Xcode 9.3";
			developmentRegion = en;
			hasScannedForEncodings = 0;
			knownRegions = (
				en,
				Base,
			);
			mainGroup = 46E7E30020E9A6600041145B;
			productRefGroup = 46E7E30A20E9A6600041145B /* Products */;
			projectDirPath = "";
			projectRoot = "";
			targets = (
				46E7E30820E9A6600041145B /* PickpocKT */,
				46E7E31C20E9A6620041145B /* PickpocKTTests */,
				46E7E32720E9A6620041145B /* PickpocKTUITests */,
				465611E721FD1F7E00409CFD /* Shared */,
			);
		};
/* End PBXProject section */

/* Begin PBXResourcesBuildPhase section */
		46E7E30720E9A6600041145B /* Resources */ = {
			isa = PBXResourcesBuildPhase;
			buildActionMask = 2147483647;
			files = (
				46E7E37C20E9B1F20041145B /* GuessListCell.xib in Resources */,
				46E7E31720E9A6620041145B /* LaunchScreen.storyboard in Resources */,
				46E7E31420E9A6620041145B /* Assets.xcassets in Resources */,
				46E7E31220E9A6600041145B /* Main.storyboard in Resources */,
			);
			runOnlyForDeploymentPostprocessing = 0;
		};
		46E7E31B20E9A6620041145B /* Resources */ = {
			isa = PBXResourcesBuildPhase;
			buildActionMask = 2147483647;
			files = (
			);
			runOnlyForDeploymentPostprocessing = 0;
		};
		46E7E32620E9A6620041145B /* Resources */ = {
			isa = PBXResourcesBuildPhase;
			buildActionMask = 2147483647;
			files = (
			);
			runOnlyForDeploymentPostprocessing = 0;
		};
/* End PBXResourcesBuildPhase section */

/* Begin PBXShellScriptBuildPhase section */
		4656120521FD1FF400409CFD /* ShellScript */ = {
			isa = PBXShellScriptBuildPhase;
			buildActionMask = 2147483647;
			files = (
			);
			inputFileListPaths = (
			);
			inputPaths = (
			);
			outputFileListPaths = (
			);
			outputPaths = (
			);
			runOnlyForDeploymentPostprocessing = 0;
			shellPath = /bin/sh;
			shellScript = "\"$SRCROOT/../gradlew\" -p \"$SRCROOT/../shared\" copyFramework \\\n-Pconfiguration.build.dir=\"$CONFIGURATION_BUILD_DIR\"          \\\n-Pkotlin.build.type=\"$KOTLIN_BUILD_TYPE\"                      \\\n";
		};
/* End PBXShellScriptBuildPhase section */

/* Begin PBXSourcesBuildPhase section */
		46E7E30520E9A6600041145B /* Sources */ = {
			isa = PBXSourcesBuildPhase;
			buildActionMask = 2147483647;
			files = (
				46E7E30F20E9A6600041145B /* ViewController.swift in Sources */,
				46E7E30D20E9A6600041145B /* AppDelegate.swift in Sources */,
				55CF3BD7AC8DF10605F99B07 /* runBlocking.kt in Sources */,
				448D825A8C1B33EE8F5E069B /* IosHelpers.kt in Sources */,
				FA4CE1EABD9F9694CFF2D6AF /* httpClientEngine.kt in Sources */,
				E2F15EF964B4CC94EE751D99 /* MainDispatcher.kt in Sources */,
				9406FDC545233B089D54F2D7 /* Lock.kt in Sources */,
				32A2A57B46D01B99D5B150E6 /* LockViewModel.kt in Sources */,
				66B643E8449EDCF3744B2554 /* runBlocking.kt in Sources */,
				23E0A9CC68A512E85ECED76A /* LockApi.kt in Sources */,
				98F2FA7F5692D9B7FAD0FB14 /* WebLock.kt in Sources */,
				08C790DF23C34039B7455030 /* LocalLockProvider.kt in Sources */,
				65A81AD31439EBB6FEE142AF /* LocalLock.kt in Sources */,
				88AEFC65F2141304DBEC23F8 /* httpClientEngine.kt in Sources */,
				C2EE00D76BEFB417C1B736B8 /* MainDispatcher.kt in Sources */,
				2F205FD34D52A33F7E51AF52 /* WebLockProvider.kt in Sources */,
				FD80F571856BBC79A1AFB150 /* LocalLockTest.kt in Sources */,
				AAA2BB5A6CE51C02E54DC297 /* WebLockTest.kt in Sources */,
				BC878F408A785871B4539025 /* LockViewModelTest.kt in Sources */,
				BDFC3885CCFCE8AC144E2AB5 /* LockClientTest.kt in Sources */,
				133038B7085BC55DA65F7851 /* runBlocking.kt in Sources */,
				FF8FDF1372EEC41CB6F46DD1 /* httpClientEngine.kt in Sources */,
				B8A3D3655C418BC56CA5B2F4 /* MainDispatcher.kt in Sources */,
			);
			runOnlyForDeploymentPostprocessing = 0;
		};
		46E7E31920E9A6620041145B /* Sources */ = {
			isa = PBXSourcesBuildPhase;
			buildActionMask = 2147483647;
			files = (
				46E7E32220E9A6620041145B /* app_iosTests.swift in Sources */,
			);
			runOnlyForDeploymentPostprocessing = 0;
		};
		46E7E32420E9A6620041145B /* Sources */ = {
			isa = PBXSourcesBuildPhase;
			buildActionMask = 2147483647;
			files = (
				46E7E32D20E9A6620041145B /* app_iosUITests.swift in Sources */,
			);
			runOnlyForDeploymentPostprocessing = 0;
		};
/* End PBXSourcesBuildPhase section */

/* Begin PBXTargetDependency section */
		465611FC21FD1F7E00409CFD /* PBXTargetDependency */ = {
			isa = PBXTargetDependency;
			target = 465611E721FD1F7E00409CFD /* Shared */;
			targetProxy = 465611FB21FD1F7E00409CFD /* PBXContainerItemProxy */;
		};
		46E7E31F20E9A6620041145B /* PBXTargetDependency */ = {
			isa = PBXTargetDependency;
			target = 46E7E30820E9A6600041145B /* PickpocKT */;
			targetProxy = 46E7E31E20E9A6620041145B /* PBXContainerItemProxy */;
		};
		46E7E32A20E9A6620041145B /* PBXTargetDependency */ = {
			isa = PBXTargetDependency;
			target = 46E7E30820E9A6600041145B /* PickpocKT */;
			targetProxy = 46E7E32920E9A6620041145B /* PBXContainerItemProxy */;
		};
/* End PBXTargetDependency section */

/* Begin PBXVariantGroup section */
		46E7E31020E9A6600041145B /* Main.storyboard */ = {
			isa = PBXVariantGroup;
			children = (
				46E7E31120E9A6600041145B /* Base */,
			);
			name = Main.storyboard;
			sourceTree = "<group>";
		};
		46E7E31520E9A6620041145B /* LaunchScreen.storyboard */ = {
			isa = PBXVariantGroup;
			children = (
				46E7E31620E9A6620041145B /* Base */,
			);
			name = LaunchScreen.storyboard;
			sourceTree = "<group>";
		};
/* End PBXVariantGroup section */

/* Begin XCBuildConfiguration section */
		4656120021FD1F7E00409CFD /* Debug */ = {
			isa = XCBuildConfiguration;
			buildSettings = {
				CODE_SIGN_IDENTITY = "";
				CODE_SIGN_STYLE = Automatic;
				CURRENT_PROJECT_VERSION = 1;
				DEFINES_MODULE = YES;
				DEVELOPMENT_TEAM = QDQ7CWKQQ6;
				DYLIB_COMPATIBILITY_VERSION = 1;
				DYLIB_CURRENT_VERSION = 1;
				DYLIB_INSTALL_NAME_BASE = "@rpath";
				INFOPLIST_FILE = Shared/Info.plist;
				INSTALL_PATH = "$(LOCAL_LIBRARY_DIR)/Frameworks";
				IPHONEOS_DEPLOYMENT_TARGET = 12.1;
				KOTLIN_BUILD_TYPE = DEBUG;
				LD_RUNPATH_SEARCH_PATHS = (
					"$(inherited)",
					"@executable_path/Frameworks",
					"@loader_path/Frameworks",
				);
				MTL_ENABLE_DEBUG_INFO = INCLUDE_SOURCE;
				MTL_FAST_MATH = YES;
				PRODUCT_BUNDLE_IDENTIFIER = com.russhwolf.settings.example.Shared;
				PRODUCT_NAME = "$(TARGET_NAME:c99extidentifier)";
				SKIP_INSTALL = YES;
				SWIFT_VERSION = 4.2;
				TARGETED_DEVICE_FAMILY = "1,2";
				VERSIONING_SYSTEM = "apple-generic";
				VERSION_INFO_PREFIX = "";
			};
			name = Debug;
		};
		4656120121FD1F7E00409CFD /* Release */ = {
			isa = XCBuildConfiguration;
			buildSettings = {
				CODE_SIGN_IDENTITY = "";
				CODE_SIGN_STYLE = Automatic;
				CURRENT_PROJECT_VERSION = 1;
				DEFINES_MODULE = YES;
				DEVELOPMENT_TEAM = QDQ7CWKQQ6;
				DYLIB_COMPATIBILITY_VERSION = 1;
				DYLIB_CURRENT_VERSION = 1;
				DYLIB_INSTALL_NAME_BASE = "@rpath";
				INFOPLIST_FILE = Shared/Info.plist;
				INSTALL_PATH = "$(LOCAL_LIBRARY_DIR)/Frameworks";
				IPHONEOS_DEPLOYMENT_TARGET = 12.1;
				KOTLIN_BUILD_TYPE = RELEASE;
				LD_RUNPATH_SEARCH_PATHS = (
					"$(inherited)",
					"@executable_path/Frameworks",
					"@loader_path/Frameworks",
				);
				MTL_FAST_MATH = YES;
				PRODUCT_BUNDLE_IDENTIFIER = com.russhwolf.settings.example.Shared;
				PRODUCT_NAME = "$(TARGET_NAME:c99extidentifier)";
				SKIP_INSTALL = YES;
				SWIFT_VERSION = 4.2;
				TARGETED_DEVICE_FAMILY = "1,2";
				VERSIONING_SYSTEM = "apple-generic";
				VERSION_INFO_PREFIX = "";
			};
			name = Release;
		};
		46E7E32F20E9A6620041145B /* Debug */ = {
			isa = XCBuildConfiguration;
			buildSettings = {
				ALWAYS_SEARCH_USER_PATHS = NO;
				CLANG_ANALYZER_NONNULL = YES;
				CLANG_ANALYZER_NUMBER_OBJECT_CONVERSION = YES_AGGRESSIVE;
				CLANG_CXX_LANGUAGE_STANDARD = "gnu++14";
				CLANG_CXX_LIBRARY = "libc++";
				CLANG_ENABLE_MODULES = YES;
				CLANG_ENABLE_OBJC_ARC = YES;
				CLANG_ENABLE_OBJC_WEAK = YES;
				CLANG_WARN_BLOCK_CAPTURE_AUTORELEASING = YES;
				CLANG_WARN_BOOL_CONVERSION = YES;
				CLANG_WARN_COMMA = YES;
				CLANG_WARN_CONSTANT_CONVERSION = YES;
				CLANG_WARN_DEPRECATED_OBJC_IMPLEMENTATIONS = YES;
				CLANG_WARN_DIRECT_OBJC_ISA_USAGE = YES_ERROR;
				CLANG_WARN_DOCUMENTATION_COMMENTS = YES;
				CLANG_WARN_EMPTY_BODY = YES;
				CLANG_WARN_ENUM_CONVERSION = YES;
				CLANG_WARN_INFINITE_RECURSION = YES;
				CLANG_WARN_INT_CONVERSION = YES;
				CLANG_WARN_NON_LITERAL_NULL_CONVERSION = YES;
				CLANG_WARN_OBJC_IMPLICIT_RETAIN_SELF = YES;
				CLANG_WARN_OBJC_LITERAL_CONVERSION = YES;
				CLANG_WARN_OBJC_ROOT_CLASS = YES_ERROR;
				CLANG_WARN_RANGE_LOOP_ANALYSIS = YES;
				CLANG_WARN_STRICT_PROTOTYPES = YES;
				CLANG_WARN_SUSPICIOUS_MOVE = YES;
				CLANG_WARN_UNGUARDED_AVAILABILITY = YES_AGGRESSIVE;
				CLANG_WARN_UNREACHABLE_CODE = YES;
				CLANG_WARN__DUPLICATE_METHOD_MATCH = YES;
				CODE_SIGN_IDENTITY = "iPhone Developer";
				COPY_PHASE_STRIP = NO;
				DEBUG_INFORMATION_FORMAT = dwarf;
				ENABLE_STRICT_OBJC_MSGSEND = YES;
				ENABLE_TESTABILITY = YES;
				GCC_C_LANGUAGE_STANDARD = gnu11;
				GCC_DYNAMIC_NO_PIC = NO;
				GCC_NO_COMMON_BLOCKS = YES;
				GCC_OPTIMIZATION_LEVEL = 0;
				GCC_PREPROCESSOR_DEFINITIONS = (
					"DEBUG=1",
					"$(inherited)",
				);
				GCC_WARN_64_TO_32_BIT_CONVERSION = YES;
				GCC_WARN_ABOUT_RETURN_TYPE = YES_ERROR;
				GCC_WARN_UNDECLARED_SELECTOR = YES;
				GCC_WARN_UNINITIALIZED_AUTOS = YES_AGGRESSIVE;
				GCC_WARN_UNUSED_FUNCTION = YES;
				GCC_WARN_UNUSED_VARIABLE = YES;
				IPHONEOS_DEPLOYMENT_TARGET = 11.4;
				MTL_ENABLE_DEBUG_INFO = YES;
				ONLY_ACTIVE_ARCH = YES;
				SDKROOT = iphoneos;
				SWIFT_ACTIVE_COMPILATION_CONDITIONS = DEBUG;
				SWIFT_OPTIMIZATION_LEVEL = "-Onone";
			};
			name = Debug;
		};
		46E7E33020E9A6620041145B /* Release */ = {
			isa = XCBuildConfiguration;
			buildSettings = {
				ALWAYS_SEARCH_USER_PATHS = NO;
				CLANG_ANALYZER_NONNULL = YES;
				CLANG_ANALYZER_NUMBER_OBJECT_CONVERSION = YES_AGGRESSIVE;
				CLANG_CXX_LANGUAGE_STANDARD = "gnu++14";
				CLANG_CXX_LIBRARY = "libc++";
				CLANG_ENABLE_MODULES = YES;
				CLANG_ENABLE_OBJC_ARC = YES;
				CLANG_ENABLE_OBJC_WEAK = YES;
				CLANG_WARN_BLOCK_CAPTURE_AUTORELEASING = YES;
				CLANG_WARN_BOOL_CONVERSION = YES;
				CLANG_WARN_COMMA = YES;
				CLANG_WARN_CONSTANT_CONVERSION = YES;
				CLANG_WARN_DEPRECATED_OBJC_IMPLEMENTATIONS = YES;
				CLANG_WARN_DIRECT_OBJC_ISA_USAGE = YES_ERROR;
				CLANG_WARN_DOCUMENTATION_COMMENTS = YES;
				CLANG_WARN_EMPTY_BODY = YES;
				CLANG_WARN_ENUM_CONVERSION = YES;
				CLANG_WARN_INFINITE_RECURSION = YES;
				CLANG_WARN_INT_CONVERSION = YES;
				CLANG_WARN_NON_LITERAL_NULL_CONVERSION = YES;
				CLANG_WARN_OBJC_IMPLICIT_RETAIN_SELF = YES;
				CLANG_WARN_OBJC_LITERAL_CONVERSION = YES;
				CLANG_WARN_OBJC_ROOT_CLASS = YES_ERROR;
				CLANG_WARN_RANGE_LOOP_ANALYSIS = YES;
				CLANG_WARN_STRICT_PROTOTYPES = YES;
				CLANG_WARN_SUSPICIOUS_MOVE = YES;
				CLANG_WARN_UNGUARDED_AVAILABILITY = YES_AGGRESSIVE;
				CLANG_WARN_UNREACHABLE_CODE = YES;
				CLANG_WARN__DUPLICATE_METHOD_MATCH = YES;
				CODE_SIGN_IDENTITY = "iPhone Developer";
				COPY_PHASE_STRIP = NO;
				DEBUG_INFORMATION_FORMAT = "dwarf-with-dsym";
				ENABLE_NS_ASSERTIONS = NO;
				ENABLE_STRICT_OBJC_MSGSEND = YES;
				GCC_C_LANGUAGE_STANDARD = gnu11;
				GCC_NO_COMMON_BLOCKS = YES;
				GCC_WARN_64_TO_32_BIT_CONVERSION = YES;
				GCC_WARN_ABOUT_RETURN_TYPE = YES_ERROR;
				GCC_WARN_UNDECLARED_SELECTOR = YES;
				GCC_WARN_UNINITIALIZED_AUTOS = YES_AGGRESSIVE;
				GCC_WARN_UNUSED_FUNCTION = YES;
				GCC_WARN_UNUSED_VARIABLE = YES;
				IPHONEOS_DEPLOYMENT_TARGET = 11.4;
				MTL_ENABLE_DEBUG_INFO = NO;
				SDKROOT = iphoneos;
				SWIFT_COMPILATION_MODE = wholemodule;
				SWIFT_OPTIMIZATION_LEVEL = "-O";
				VALIDATE_PRODUCT = YES;
			};
			name = Release;
		};
		46E7E33220E9A6620041145B /* Debug */ = {
			isa = XCBuildConfiguration;
			buildSettings = {
				ASSETCATALOG_COMPILER_APPICON_NAME = AppIcon;
				CODE_SIGN_STYLE = Automatic;
				DEVELOPMENT_TEAM = QDQ7CWKQQ6;
				ENABLE_BITCODE = NO;
				FRAMEWORK_SEARCH_PATHS = "$(SRCROOT)/../shared/build/xcode-frameworks";
				INFOPLIST_FILE = "$(SRCROOT)/PickpocKT/Info.plist";
				LD_RUNPATH_SEARCH_PATHS = (
					"$(inherited)",
					"@executable_path/Frameworks",
				);
				PRODUCT_BUNDLE_IDENTIFIER = io.intrepid.pickpocket.ios;
				PRODUCT_NAME = "$(TARGET_NAME)";
				SWIFT_VERSION = 4.0;
				TARGETED_DEVICE_FAMILY = "1,2";
			};
			name = Debug;
		};
		46E7E33320E9A6620041145B /* Release */ = {
			isa = XCBuildConfiguration;
			buildSettings = {
				ASSETCATALOG_COMPILER_APPICON_NAME = AppIcon;
				CODE_SIGN_STYLE = Automatic;
				DEVELOPMENT_TEAM = QDQ7CWKQQ6;
				ENABLE_BITCODE = NO;
				FRAMEWORK_SEARCH_PATHS = "$(SRCROOT)/../shared/build/xcode-frameworks";
				INFOPLIST_FILE = "$(SRCROOT)/PickpocKT/Info.plist";
				LD_RUNPATH_SEARCH_PATHS = (
					"$(inherited)",
					"@executable_path/Frameworks",
				);
				PRODUCT_BUNDLE_IDENTIFIER = io.intrepid.pickpocket.ios;
				PRODUCT_NAME = "$(TARGET_NAME)";
				SWIFT_VERSION = 4.0;
				TARGETED_DEVICE_FAMILY = "1,2";
			};
			name = Release;
		};
		46E7E33520E9A6620041145B /* Debug */ = {
			isa = XCBuildConfiguration;
			buildSettings = {
				ALWAYS_EMBED_SWIFT_STANDARD_LIBRARIES = YES;
				BUNDLE_LOADER = "$(TEST_HOST)";
				CODE_SIGN_STYLE = Automatic;
				DEVELOPMENT_TEAM = QDQ7CWKQQ6;
				INFOPLIST_FILE = "app-iosTests/Info.plist";
				LD_RUNPATH_SEARCH_PATHS = (
					"$(inherited)",
					"@executable_path/Frameworks",
					"@loader_path/Frameworks",
				);
				PRODUCT_BUNDLE_IDENTIFIER = "io.intrepid.app-iosTests";
				PRODUCT_NAME = "$(TARGET_NAME)";
				SWIFT_VERSION = 4.0;
				TARGETED_DEVICE_FAMILY = "1,2";
				TEST_HOST = "$(BUILT_PRODUCTS_DIR)/PickpocKT.app/PickpocKT";
			};
			name = Debug;
		};
		46E7E33620E9A6620041145B /* Release */ = {
			isa = XCBuildConfiguration;
			buildSettings = {
				ALWAYS_EMBED_SWIFT_STANDARD_LIBRARIES = YES;
				BUNDLE_LOADER = "$(TEST_HOST)";
				CODE_SIGN_STYLE = Automatic;
				DEVELOPMENT_TEAM = QDQ7CWKQQ6;
				INFOPLIST_FILE = "app-iosTests/Info.plist";
				LD_RUNPATH_SEARCH_PATHS = (
					"$(inherited)",
					"@executable_path/Frameworks",
					"@loader_path/Frameworks",
				);
				PRODUCT_BUNDLE_IDENTIFIER = "io.intrepid.app-iosTests";
				PRODUCT_NAME = "$(TARGET_NAME)";
				SWIFT_VERSION = 4.0;
				TARGETED_DEVICE_FAMILY = "1,2";
				TEST_HOST = "$(BUILT_PRODUCTS_DIR)/PickpocKT.app/PickpocKT";
			};
			name = Release;
		};
		46E7E33820E9A6620041145B /* Debug */ = {
			isa = XCBuildConfiguration;
			buildSettings = {
				ALWAYS_EMBED_SWIFT_STANDARD_LIBRARIES = YES;
				CODE_SIGN_STYLE = Automatic;
				DEVELOPMENT_TEAM = QDQ7CWKQQ6;
				INFOPLIST_FILE = "app-iosUITests/Info.plist";
				LD_RUNPATH_SEARCH_PATHS = (
					"$(inherited)",
					"@executable_path/Frameworks",
					"@loader_path/Frameworks",
				);
				PRODUCT_BUNDLE_IDENTIFIER = "io.intrepid.app-iosUITests";
				PRODUCT_NAME = "$(TARGET_NAME)";
				SWIFT_VERSION = 4.0;
				TARGETED_DEVICE_FAMILY = "1,2";
				TEST_TARGET_NAME = "app-ios";
			};
			name = Debug;
		};
		46E7E33920E9A6620041145B /* Release */ = {
			isa = XCBuildConfiguration;
			buildSettings = {
				ALWAYS_EMBED_SWIFT_STANDARD_LIBRARIES = YES;
				CODE_SIGN_STYLE = Automatic;
				DEVELOPMENT_TEAM = QDQ7CWKQQ6;
				INFOPLIST_FILE = "app-iosUITests/Info.plist";
				LD_RUNPATH_SEARCH_PATHS = (
					"$(inherited)",
					"@executable_path/Frameworks",
					"@loader_path/Frameworks",
				);
				PRODUCT_BUNDLE_IDENTIFIER = "io.intrepid.app-iosUITests";
				PRODUCT_NAME = "$(TARGET_NAME)";
				SWIFT_VERSION = 4.0;
				TARGETED_DEVICE_FAMILY = "1,2";
				TEST_TARGET_NAME = "app-ios";
			};
			name = Release;
		};
/* End XCBuildConfiguration section */

/* Begin XCConfigurationList section */
		465611FF21FD1F7E00409CFD /* Build configuration list for PBXNativeTarget "Shared" */ = {
			isa = XCConfigurationList;
			buildConfigurations = (
				4656120021FD1F7E00409CFD /* Debug */,
				4656120121FD1F7E00409CFD /* Release */,
			);
			defaultConfigurationIsVisible = 0;
			defaultConfigurationName = Release;
		};
		46E7E30420E9A6600041145B /* Build configuration list for PBXProject "PickpocKT" */ = {
			isa = XCConfigurationList;
			buildConfigurations = (
				46E7E32F20E9A6620041145B /* Debug */,
				46E7E33020E9A6620041145B /* Release */,
			);
			defaultConfigurationIsVisible = 0;
			defaultConfigurationName = Release;
		};
		46E7E33120E9A6620041145B /* Build configuration list for PBXNativeTarget "PickpocKT" */ = {
			isa = XCConfigurationList;
			buildConfigurations = (
				46E7E33220E9A6620041145B /* Debug */,
				46E7E33320E9A6620041145B /* Release */,
			);
			defaultConfigurationIsVisible = 0;
			defaultConfigurationName = Release;
		};
		46E7E33420E9A6620041145B /* Build configuration list for PBXNativeTarget "PickpocKTTests" */ = {
			isa = XCConfigurationList;
			buildConfigurations = (
				46E7E33520E9A6620041145B /* Debug */,
				46E7E33620E9A6620041145B /* Release */,
			);
			defaultConfigurationIsVisible = 0;
			defaultConfigurationName = Release;
		};
		46E7E33720E9A6620041145B /* Build configuration list for PBXNativeTarget "PickpocKTUITests" */ = {
			isa = XCConfigurationList;
			buildConfigurations = (
				46E7E33820E9A6620041145B /* Debug */,
				46E7E33920E9A6620041145B /* Release */,
			);
			defaultConfigurationIsVisible = 0;
			defaultConfigurationName = Release;
		};
/* End XCConfigurationList section */
	};
	rootObject = 46E7E30120E9A6600041145B /* Project object */;
}
